// !$*UTF8*$!
{
	archiveVersion = 1;
	classes = {
	};
	objectVersion = 48;
	objects = {

/* Begin PBXBuildFile section */
		EB51DDD51F8F570400ABBEF8 /* AppDelegate.swift in Sources */ = {isa = PBXBuildFile; fileRef = EB51DDD41F8F570400ABBEF8 /* AppDelegate.swift */; };
		EB51DDD71F8F570400ABBEF8 /* ViewController.swift in Sources */ = {isa = PBXBuildFile; fileRef = EB51DDD61F8F570400ABBEF8 /* ViewController.swift */; };
		EB51DDDA1F8F570400ABBEF8 /* Main.storyboard in Resources */ = {isa = PBXBuildFile; fileRef = EB51DDD81F8F570400ABBEF8 /* Main.storyboard */; };
		EB51DDDC1F8F570400ABBEF8 /* Assets.xcassets in Resources */ = {isa = PBXBuildFile; fileRef = EB51DDDB1F8F570400ABBEF8 /* Assets.xcassets */; };
		EB51DDDF1F8F570400ABBEF8 /* LaunchScreen.storyboard in Resources */ = {isa = PBXBuildFile; fileRef = EB51DDDD1F8F570400ABBEF8 /* LaunchScreen.storyboard */; };
		EB51DDE71F8F58B900ABBEF8 /* ActionSheetViewController.swift in Sources */ = {isa = PBXBuildFile; fileRef = EB51DDE61F8F58B900ABBEF8 /* ActionSheetViewController.swift */; };
		EBCD32C61F905E0D00ABA4D9 /* TitleCell.swift in Sources */ = {isa = PBXBuildFile; fileRef = EBCD32C51F905E0D00ABA4D9 /* TitleCell.swift */; };
/* End PBXBuildFile section */

/* Begin PBXFileReference section */
		EB51DDD11F8F570400ABBEF8 /* WeChatActionSheet.app */ = {isa = PBXFileReference; explicitFileType = wrapper.application; includeInIndex = 0; path = WeChatActionSheet.app; sourceTree = BUILT_PRODUCTS_DIR; };
		EB51DDD41F8F570400ABBEF8 /* AppDelegate.swift */ = {isa = PBXFileReference; lastKnownFileType = sourcecode.swift; path = AppDelegate.swift; sourceTree = "<group>"; };
		EB51DDD61F8F570400ABBEF8 /* ViewController.swift */ = {isa = PBXFileReference; lastKnownFileType = sourcecode.swift; path = ViewController.swift; sourceTree = "<group>"; };
		EB51DDD91F8F570400ABBEF8 /* Base */ = {isa = PBXFileReference; lastKnownFileType = file.storyboard; name = Base; path = Base.lproj/Main.storyboard; sourceTree = "<group>"; };
		EB51DDDB1F8F570400ABBEF8 /* Assets.xcassets */ = {isa = PBXFileReference; lastKnownFileType = folder.assetcatalog; path = Assets.xcassets; sourceTree = "<group>"; };
		EB51DDDE1F8F570400ABBEF8 /* Base */ = {isa = PBXFileReference; lastKnownFileType = file.storyboard; name = Base; path = Base.lproj/LaunchScreen.storyboard; sourceTree = "<group>"; };
		EB51DDE01F8F570400ABBEF8 /* Info.plist */ = {isa = PBXFileReference; lastKnownFileType = text.plist.xml; path = Info.plist; sourceTree = "<group>"; };
		EB51DDE61F8F58B900ABBEF8 /* ActionSheetViewController.swift */ = {isa = PBXFileReference; lastKnownFileType = sourcecode.swift; path = ActionSheetViewController.swift; sourceTree = "<group>"; };
		EBCD32C51F905E0D00ABA4D9 /* TitleCell.swift */ = {isa = PBXFileReference; lastKnownFileType = sourcecode.swift; path = TitleCell.swift; sourceTree = "<group>"; };
/* End PBXFileReference section */

/* Begin PBXFrameworksBuildPhase section */
		EB51DDCE1F8F570400ABBEF8 /* Frameworks */ = {
			isa = PBXFrameworksBuildPhase;
			buildActionMask = 2147483647;
			files = (
			);
			runOnlyForDeploymentPostprocessing = 0;
		};
/* End PBXFrameworksBuildPhase section */

/* Begin PBXGroup section */
		EB51DDC81F8F570400ABBEF8 = {
			isa = PBXGroup;
			children = (
				EB51DDD31F8F570400ABBEF8 /* WeChatActionSheet */,
				EB51DDD21F8F570400ABBEF8 /* Products */,
			);
			sourceTree = "<group>";
		};
		EB51DDD21F8F570400ABBEF8 /* Products */ = {
			isa = PBXGroup;
			children = (
				EB51DDD11F8F570400ABBEF8 /* WeChatActionSheet.app */,
			);
			name = Products;
			sourceTree = "<group>";
		};
		EB51DDD31F8F570400ABBEF8 /* WeChatActionSheet */ = {
			isa = PBXGroup;
			children = (
				EB51DDD41F8F570400ABBEF8 /* AppDelegate.swift */,
				EB51DDD61F8F570400ABBEF8 /* ViewController.swift */,
				EBCD32EA1F907F9300ABA4D9 /* WeChatActionSheet */,
				EB51DDD81F8F570400ABBEF8 /* Main.storyboard */,
				EB51DDDB1F8F570400ABBEF8 /* Assets.xcassets */,
				EB51DDDD1F8F570400ABBEF8 /* LaunchScreen.storyboard */,
				EB51DDE01F8F570400ABBEF8 /* Info.plist */,
			);
			path = WeChatActionSheet;
			sourceTree = "<group>";
		};
		EBCD32EA1F907F9300ABA4D9 /* WeChatActionSheet */ = {
			isa = PBXGroup;
			children = (
				EB51DDE61F8F58B900ABBEF8 /* ActionSheetViewController.swift */,
				EBCD32C51F905E0D00ABA4D9 /* TitleCell.swift */,
			);
			path = WeChatActionSheet;
			sourceTree = "<group>";
		};
/* End PBXGroup section */

/* Begin PBXNativeTarget section */
		EB51DDD01F8F570400ABBEF8 /* WeChatActionSheet */ = {
			isa = PBXNativeTarget;
			buildConfigurationList = EB51DDE31F8F570400ABBEF8 /* Build configuration list for PBXNativeTarget "WeChatActionSheet" */;
			buildPhases = (
				EB51DDCD1F8F570400ABBEF8 /* Sources */,
				EB51DDCE1F8F570400ABBEF8 /* Frameworks */,
				EB51DDCF1F8F570400ABBEF8 /* Resources */,
			);
			buildRules = (
			);
			dependencies = (
			);
			name = WeChatActionSheet;
			productName = WeChatActionSheet;
			productReference = EB51DDD11F8F570400ABBEF8 /* WeChatActionSheet.app */;
			productType = "com.apple.product-type.application";
		};
/* End PBXNativeTarget section */

/* Begin PBXProject section */
		EB51DDC91F8F570400ABBEF8 /* Project object */ = {
			isa = PBXProject;
			attributes = {
				LastSwiftUpdateCheck = 0900;
				LastUpgradeCheck = 0900;
				ORGANIZATIONNAME = soliloquy;
				TargetAttributes = {
					EB51DDD01F8F570400ABBEF8 = {
						CreatedOnToolsVersion = 9.0;
						ProvisioningStyle = Automatic;
					};
				};
			};
			buildConfigurationList = EB51DDCC1F8F570400ABBEF8 /* Build configuration list for PBXProject "WeChatActionSheet" */;
			compatibilityVersion = "Xcode 8.0";
			developmentRegion = en;
			hasScannedForEncodings = 0;
			knownRegions = (
				en,
				Base,
			);
			mainGroup = EB51DDC81F8F570400ABBEF8;
			productRefGroup = EB51DDD21F8F570400ABBEF8 /* Products */;
			projectDirPath = "";
			projectRoot = "";
			targets = (
				EB51DDD01F8F570400ABBEF8 /* WeChatActionSheet */,
			);
		};
/* End PBXProject section */

/* Begin PBXResourcesBuildPhase section */
		EB51DDCF1F8F570400ABBEF8 /* Resources */ = {
			isa = PBXResourcesBuildPhase;
			buildActionMask = 2147483647;
			files = (
				EB51DDDF1F8F570400ABBEF8 /* LaunchScreen.storyboard in Resources */,
				EB51DDDC1F8F570400ABBEF8 /* Assets.xcassets in Resources */,
				EB51DDDA1F8F570400ABBEF8 /* Main.storyboard in Resources */,
			);
			runOnlyForDeploymentPostprocessing = 0;
		};
/* End PBXResourcesBuildPhase section */

/* Begin PBXSourcesBuildPhase section */
		EB51DDCD1F8F570400ABBEF8 /* Sources */ = {
			isa = PBXSourcesBuildPhase;
			buildActionMask = 2147483647;
			files = (
				EBCD32C61F905E0D00ABA4D9 /* TitleCell.swift in Sources */,
				EB51DDE71F8F58B900ABBEF8 /* ActionSheetViewController.swift in Sources */,
				EB51DDD71F8F570400ABBEF8 /* ViewController.swift in Sources */,
				EB51DDD51F8F570400ABBEF8 /* AppDelegate.swift in Sources */,
			);
			runOnlyForDeploymentPostprocessing = 0;
		};
/* End PBXSourcesBuildPhase section */

/* Begin PBXVariantGroup section */
		EB51DDD81F8F570400ABBEF8 /* Main.storyboard */ = {
			isa = PBXVariantGroup;
			children = (
				EB51DDD91F8F570400ABBEF8 /* Base */,
			);
			name = Main.storyboard;
			sourceTree = "<group>";
		};
		EB51DDDD1F8F570400ABBEF8 /* LaunchScreen.storyboard */ = {
			isa = PBXVariantGroup;
			children = (
				EB51DDDE1F8F570400ABBEF8 /* Base */,
			);
			name = LaunchScreen.storyboard;
			sourceTree = "<group>";
		};
/* End PBXVariantGroup section */

/* Begin XCBuildConfiguration section */
		EB51DDE11F8F570400ABBEF8 /* Debug */ = {
			isa = XCBuildConfiguration;
			buildSettings = {
				ALWAYS_SEARCH_USER_PATHS = NO;
				CLANG_ANALYZER_NONNULL = YES;
				CLANG_ANALYZER_NUMBER_OBJECT_CONVERSION = YES_AGGRESSIVE;
				CLANG_CXX_LANGUAGE_STANDARD = "gnu++14";
				CLANG_CXX_LIBRARY = "libc++";
				CLANG_ENABLE_MODULES = YES;
				CLANG_ENABLE_OBJC_ARC = YES;
				CLANG_WARN_BLOCK_CAPTURE_AUTORELEASING = YES;
				CLANG_WARN_BOOL_CONVERSION = YES;
				CLANG_WARN_COMMA = YES;
				CLANG_WARN_CONSTANT_CONVERSION = YES;
				CLANG_WARN_DIRECT_OBJC_ISA_USAGE = YES_ERROR;
				CLANG_WARN_DOCUMENTATION_COMMENTS = YES;
				CLANG_WARN_EMPTY_BODY = YES;
				CLANG_WARN_ENUM_CONVERSION = YES;
				CLANG_WARN_INFINITE_RECURSION = YES;
				CLANG_WARN_INT_CONVERSION = YES;
				CLANG_WARN_NON_LITERAL_NULL_CONVERSION = YES;
				CLANG_WARN_OBJC_LITERAL_CONVERSION = YES;
				CLANG_WARN_OBJC_ROOT_CLASS = YES_ERROR;
				CLANG_WARN_RANGE_LOOP_ANALYSIS = YES;
				CLANG_WARN_STRICT_PROTOTYPES = YES;
				CLANG_WARN_SUSPICIOUS_MOVE = YES;
				CLANG_WARN_UNGUARDED_AVAILABILITY = YES_AGGRESSIVE;
				CLANG_WARN_UNREACHABLE_CODE = YES;
				CLANG_WARN__DUPLICATE_METHOD_MATCH = YES;
				CODE_SIGN_IDENTITY = "iPhone Developer";
				COPY_PHASE_STRIP = NO;
				DEBUG_INFORMATION_FORMAT = dwarf;
				ENABLE_STRICT_OBJC_MSGSEND = YES;
				ENABLE_TESTABILITY = YES;
				GCC_C_LANGUAGE_STANDARD = gnu11;
				GCC_DYNAMIC_NO_PIC = NO;
				GCC_NO_COMMON_BLOCKS = YES;
				GCC_OPTIMIZATION_LEVEL = 0;
				GCC_PREPROCESSOR_DEFINITIONS = (
					"DEBUG=1",
					"$(inherited)",
				);
				GCC_WARN_64_TO_32_BIT_CONVERSION = YES;
				GCC_WARN_ABOUT_RETURN_TYPE = YES_ERROR;
				GCC_WARN_UNDECLARED_SELECTOR = YES;
				GCC_WARN_UNINITIALIZED_AUTOS = YES_AGGRESSIVE;
				GCC_WARN_UNUSED_FUNCTION = YES;
				GCC_WARN_UNUSED_VARIABLE = YES;
				IPHONEOS_DEPLOYMENT_TARGET = 11.0;
				MTL_ENABLE_DEBUG_INFO = YES;
				ONLY_ACTIVE_ARCH = YES;
				SDKROOT = iphoneos;
				SWIFT_ACTIVE_COMPILATION_CONDITIONS = DEBUG;
				SWIFT_OPTIMIZATION_LEVEL = "-Onone";
			};
			name = Debug;
		};
		EB51DDE21F8F570400ABBEF8 /* Release */ = {
			isa = XCBuildConfiguration;
			buildSettings = {
				ALWAYS_SEARCH_USER_PATHS = NO;
				CLANG_ANALYZER_NONNULL = YES;
				CLANG_ANALYZER_NUMBER_OBJECT_CONVERSION = YES_AGGRESSIVE;
				CLANG_CXX_LANGUAGE_STANDARD = "gnu++14";
				CLANG_CXX_LIBRARY = "libc++";
				CLANG_ENABLE_MODULES = YES;
				CLANG_ENABLE_OBJC_ARC = YES;
				CLANG_WARN_BLOCK_CAPTURE_AUTORELEASING = YES;
				CLANG_WARN_BOOL_CONVERSION = YES;
				CLANG_WARN_COMMA = YES;
				CLANG_WARN_CONSTANT_CONVERSION = YES;
				CLANG_WARN_DIRECT_OBJC_ISA_USAGE = YES_ERROR;
				CLANG_WARN_DOCUMENTATION_COMMENTS = YES;
				CLANG_WARN_EMPTY_BODY = YES;
				CLANG_WARN_ENUM_CONVERSION = YES;
				CLANG_WARN_INFINITE_RECURSION = YES;
				CLANG_WARN_INT_CONVERSION = YES;
				CLANG_WARN_NON_LITERAL_NULL_CONVERSION = YES;
				CLANG_WARN_OBJC_LITERAL_CONVERSION = YES;
				CLANG_WARN_OBJC_ROOT_CLASS = YES_ERROR;
				CLANG_WARN_RANGE_LOOP_ANALYSIS = YES;
				CLANG_WARN_STRICT_PROTOTYPES = YES;
				CLANG_WARN_SUSPICIOUS_MOVE = YES;
				CLANG_WARN_UNGUARDED_AVAILABILITY = YES_AGGRESSIVE;
				CLANG_WARN_UNREACHABLE_CODE = YES;
				CLANG_WARN__DUPLICATE_METHOD_MATCH = YES;
				CODE_SIGN_IDENTITY = "iPhone Developer";
				COPY_PHASE_STRIP = NO;
				DEBUG_INFORMATION_FORMAT = "dwarf-with-dsym";
				ENABLE_NS_ASSERTIONS = NO;
				ENABLE_STRICT_OBJC_MSGSEND = YES;
				GCC_C_LANGUAGE_STANDARD = gnu11;
				GCC_NO_COMMON_BLOCKS = YES;
				GCC_WARN_64_TO_32_BIT_CONVERSION = YES;
				GCC_WARN_ABOUT_RETURN_TYPE = YES_ERROR;
				GCC_WARN_UNDECLARED_SELECTOR = YES;
				GCC_WARN_UNINITIALIZED_AUTOS = YES_AGGRESSIVE;
				GCC_WARN_UNUSED_FUNCTION = YES;
				GCC_WARN_UNUSED_VARIABLE = YES;
				IPHONEOS_DEPLOYMENT_TARGET = 11.0;
				MTL_ENABLE_DEBUG_INFO = NO;
				SDKROOT = iphoneos;
				SWIFT_OPTIMIZATION_LEVEL = "-Owholemodule";
				VALIDATE_PRODUCT = YES;
			};
			name = Release;
		};
		EB51DDE41F8F570400ABBEF8 /* Debug */ = {
			isa = XCBuildConfiguration;
			buildSettings = {
				ASSETCATALOG_COMPILER_APPICON_NAME = AppIcon;
				CODE_SIGN_STYLE = Automatic;
				DEVELOPMENT_TEAM = XYBK7B7U6R;
				INFOPLIST_FILE = WeChatActionSheet/Info.plist;
				LD_RUNPATH_SEARCH_PATHS = "$(inherited) @executable_path/Frameworks";
				PRODUCT_BUNDLE_IDENTIFIER = soliloquy.WeChatActionSheet;
				PRODUCT_NAME = "$(TARGET_NAME)";
				SWIFT_VERSION = 4.0;
				TARGETED_DEVICE_FAMILY = "1,2";
			};
			name = Debug;
		};
		EB51DDE51F8F570400ABBEF8 /* Release */ = {
			isa = XCBuildConfiguration;
			buildSettings = {
				ASSETCATALOG_COMPILER_APPICON_NAME = AppIcon;
				CODE_SIGN_STYLE = Automatic;
				DEVELOPMENT_TEAM = XYBK7B7U6R;
				INFOPLIST_FILE = WeChatActionSheet/Info.plist;
				LD_RUNPATH_SEARCH_PATHS = "$(inherited) @executable_path/Frameworks";
				PRODUCT_BUNDLE_IDENTIFIER = soliloquy.WeChatActionSheet;
				PRODUCT_NAME = "$(TARGET_NAME)";
				SWIFT_VERSION = 4.0;
				TARGETED_DEVICE_FAMILY = "1,2";
			};
			name = Release;
		};
/* End XCBuildConfiguration section */

/* Begin XCConfigurationList section */
		EB51DDCC1F8F570400ABBEF8 /* Build configuration list for PBXProject "WeChatActionSheet" */ = {
			isa = XCConfigurationList;
			buildConfigurations = (
				EB51DDE11F8F570400ABBEF8 /* Debug */,
				EB51DDE21F8F570400ABBEF8 /* Release */,
			);
			defaultConfigurationIsVisible = 0;
			defaultConfigurationName = Release;
		};
		EB51DDE31F8F570400ABBEF8 /* Build configuration list for PBXNativeTarget "WeChatActionSheet" */ = {
			isa = XCConfigurationList;
			buildConfigurations = (
				EB51DDE41F8F570400ABBEF8 /* Debug */,
				EB51DDE51F8F570400ABBEF8 /* Release */,
			);
			defaultConfigurationIsVisible = 0;
			defaultConfigurationName = Release;
		};
/* End XCConfigurationList section */
	};
	rootObject = EB51DDC91F8F570400ABBEF8 /* Project object */;
}
